
Microsoft Visual Studio Solution File, Format Version 12.00
# Visual Studio 15
VisualStudioVersion = 15.0.27428.2037
MinimumVisualStudioVersion = 10.0.40219.1
Project("{FAE04EC0-301F-11D3-BF4B-00C04F79EFBC}") = "PSO2_MesetaTotalize", "PSO2_MesetaTotalize\PSO2_MesetaTotalize.csproj", "{878F23AB-3AC6-41EB-AA39-1EC0D51A0FEA}"
EndProject
Global
	GlobalSection(SolutionConfigurationPlatforms) = preSolution
		Debug|Any CPU = Debug|Any CPU
		Release|Any CPU = Release|Any CPU
	EndGlobalSection
	GlobalSection(ProjectConfigurationPlatforms) = postSolution
		{878F23AB-3AC6-41EB-AA39-1EC0D51A0FEA}.Debug|Any CPU.ActiveCfg = Debug|Any CPU
		{878F23AB-3AC6-41EB-AA39-1EC0D51A0FEA}.Debug|Any CPU.Build.0 = Debug|Any CPU
		{878F23AB-3AC6-41EB-AA39-1EC0D51A0FEA}.Release|Any CPU.ActiveCfg = Release|Any CPU
		{878F23AB-3AC6-41EB-AA39-1EC0D51A0FEA}.Release|Any CPU.Build.0 = Release|Any CPU
	EndGlobalSection
	GlobalSection(SolutionProperties) = preSolution
		HideSolutionNode = FALSE
	EndGlobalSection
	GlobalSection(ExtensibilityGlobals) = postSolution
		SolutionGuid = {3B0BC9FD-39EB-49E2-A71E-2F49D700CDA9}
	EndGlobalSection
EndGlobal
